{
  "name": "test-1",
  "lockfileVersion": 2,
  "requires": true,
  "packages": {
    "": {
      "dependencies": {
        "pinentry": "^0.0.1"
      }
    },
    "node_modules/linerstream": {
      "version": "0.1.4",
      "resolved": "https://registry.npmjs.org/linerstream/-/linerstream-0.1.4.tgz",
      "integrity": "sha512-Marl7QA0WZsab/8plKVmL2OSSLCleGr33CSWa1NwSmDn8PN1Kvqeqinx1Qm0lzbzuUs6IiMRYWX+mEbY+SKx1Q=="
    },
    "node_modules/pinentry": {
      "version": "0.0.1",
      "resolved": "https://registry.npmjs.org/pinentry/-/pinentry-0.0.1.tgz",
      "integrity": "sha512-kH1IJKRbQyAEEqFZ7IXEgQ6nnb9OQHn2ad5b1/g1EBvH2XUuvsGSXFUVMQugMmmXvnWfkm3wwjoUTYjhy86DZw==",
      "dependencies": {
        "linerstream": "^0.1.4"
      }
    }
  },
  "dependencies": {
    "linerstream": {
      "version": "0.1.4",
      "resolved": "https://registry.npmjs.org/linerstream/-/linerstream-0.1.4.tgz",
      "integrity": "sha512-Marl7QA0WZsab/8plKVmL2OSSLCleGr33CSWa1NwSmDn8PN1Kvqeqinx1Qm0lzbzuUs6IiMRYWX+mEbY+SKx1Q=="
    },
    "pinentry": {
      "version": "0.0.1",
      "resolved": "https://registry.npmjs.org/pinentry/-/pinentry-0.0.1.tgz",
      "integrity": "sha512-kH1IJKRbQyAEEqFZ7IXEgQ6nnb9OQHn2ad5b1/g1EBvH2XUuvsGSXFUVMQugMmmXvnWfkm3wwjoUTYjhy86DZw==",
      "requires": {
        "linerstream": "^0.1.4"
      }
    }
  }
}
